name: cif
channels:
  - pytorch
  - conda-forge
  - defaults
dependencies:
  - _libgcc_mutex=0.1=conda_forge
  - _openmp_mutex=4.5=1_llvm
  - attrs=20.3.0=pyhd3deb0d_0
  - blas=2.108=mkl
  - blas-devel=3.9.0=8_mkl
  - bzip2=1.0.8=h7f98852_4
  - c-ares=1.17.1=h7f98852_1
  - ca-certificates=2020.12.5=ha878542_0
  - cached-property=1.5.2=hd8ed1ab_1
  - cached_property=1.5.2=pyha770c72_1
  - certifi=2020.12.5=py37h89c1867_1
  - cudatoolkit=11.1.1=h6406543_8
  - cycler=0.10.0=py_2
  - dbus=1.13.6=h48d8840_2
  - expat=2.3.0=h9c3ff4c_0
  - ffmpeg=4.3=hf484d3e_0
  - fontconfig=2.13.1=he4413a7_1000
  - freetype=2.10.4=h0708190_1
  - gettext=0.19.8.1=h0b5b191_1005
  - glib=2.68.0=h9c3ff4c_2
  - glib-tools=2.68.0=h9c3ff4c_2
  - gmp=6.2.1=h58526e2_0
  - gnutls=3.6.13=h85f3911_1
  - gst-plugins-base=1.14.0=hbbd80ab_1
  - gstreamer=1.14.0=h28cd5cc_2
  - h5py=3.1.0=nompi_py37h1e651dc_100
  - hdf5=1.10.6=nompi_h6a2412b_1114
  - icu=58.2=hf484d3e_1000
  - ignite=0.3.0=py37_0
  - imageio=2.9.0=py_0
  - importlib-metadata=3.10.0=py37h89c1867_0
  - importlib_metadata=3.10.0=hd8ed1ab_0
  - iniconfig=1.1.1=pyh9f0ad1d_0
  - joblib=1.0.1=pyhd8ed1ab_0
  - jpeg=9b=h024ee3a_2
  - kiwisolver=1.3.1=py37h2527ec5_1
  - krb5=1.17.2=h926e7f8_0
  - lame=3.100=h7f98852_1001
  - ld_impl_linux-64=2.35.1=hea4e1c9_2
  - libblas=3.9.0=8_mkl
  - libcblas=3.9.0=8_mkl
  - libcurl=7.76.0=hc4aaa36_0
  - libedit=3.1.20191231=he28a2e2_2
  - libev=4.33=h516909a_1
  - libffi=3.3=h58526e2_2
  - libgcc-ng=9.3.0=h2828fa1_18
  - libgfortran-ng=9.3.0=hff62375_18
  - libgfortran5=9.3.0=hff62375_18
  - libglib=2.68.0=h3e27bee_2
  - libiconv=1.16=h516909a_0
  - liblapack=3.9.0=8_mkl
  - liblapacke=3.9.0=8_mkl
  - libnghttp2=1.43.0=h812cca2_0
  - libpng=1.6.37=h21135ba_2
  - libprotobuf=3.15.7=h780b84a_0
  - libssh2=1.9.0=ha56f1ee_6
  - libstdcxx-ng=9.3.0=h6de172a_18
  - libtiff=4.1.0=h2733197_1
  - libuuid=2.32.1=h7f98852_1000
  - libuv=1.41.0=h7f98852_0
  - libxcb=1.13=h7f98852_1003
  - libxml2=2.9.9=h13577e0_2
  - llvm-openmp=11.1.0=h4bd325d_0
  - lz4-c=1.9.3=h9c3ff4c_0
  - matplotlib=3.4.1=py37h89c1867_0
  - matplotlib-base=3.4.1=py37hdd32ed1_0
  - mkl=2020.4=h726a3e6_304
  - mkl-devel=2020.4=ha770c72_305
  - mkl-include=2020.4=h726a3e6_304
  - more-itertools=8.7.0=pyhd8ed1ab_0
  - ncurses=6.2=h58526e2_4
  - nettle=3.6=he412f7d_0
  - ninja=1.10.2=h4bd325d_0
  - numpy=1.20.2=py37h038b26d_0
  - olefile=0.46=pyh9f0ad1d_1
  - openh264=2.1.1=h780b84a_0
  - openssl=1.1.1k=h7f98852_0
  - packaging=20.9=pyh44b312d_0
  - pandas=1.2.3=py37hdc94413_0
  - pcre=8.44=he1b5a44_0
  - pillow=7.1.2=py37hb39fc2d_0
  - pip=21.0.1=pyhd8ed1ab_0
  - pluggy=0.13.1=py37h89c1867_4
  - protobuf=3.15.7=py37hcd2ae1e_0
  - pthread-stubs=0.4=h36c2ea0_1001
  - py=1.10.0=pyhd3deb0d_0
  - pyparsing=2.4.7=pyh9f0ad1d_0
  - pyqt=5.9.2=py37hcca6a23_4
  - pytest=6.2.2=py37h89c1867_0
  - python=3.7.10=hffdb5ce_100_cpython
  - python-dateutil=2.8.1=py_0
  - python_abi=3.7=1_cp37m
  - pytorch=1.8.1=py3.7_cuda11.1_cudnn8.0.5_0
  - pytz=2021.1=pyhd8ed1ab_0
  - qt=5.9.7=h5867ecd_1
  - readline=8.0=he28a2e2_2
  - scikit-learn=0.24.1=py37h69acf81_0
  - scipy=1.6.2=py37h29e03ee_0
  - setuptools=49.6.0=py37h89c1867_3
  - sip=4.19.8=py37hf484d3e_1000
  - six=1.15.0=pyh9f0ad1d_0
  - sqlite=3.35.3=h74cdb3f_0
  - tensorboardx=2.1=py_0
  - threadpoolctl=2.1.0=pyh5ca1d4c_0
  - tk=8.6.10=h21135ba_1
  - toml=0.10.2=pyhd8ed1ab_0
  - torchvision=0.9.1=py37_cu111
  - tornado=6.1=py37h5e8e339_1
  - tqdm=4.59.0=pyhd8ed1ab_0
  - typing_extensions=3.7.4.3=py_0
  - wheel=0.36.2=pyhd3deb0d_0
  - xorg-libxau=1.0.9=h7f98852_0
  - xorg-libxdmcp=1.1.3=h7f98852_0
  - xz=5.2.5=h516909a_1
  - zipp=3.4.1=pyhd8ed1ab_0
  - zlib=1.2.11=h516909a_1010
  - zstd=1.4.9=ha95c52a_0
  - pip:
    - opt-einsum==3.3.0
    - pyro-api==0.1.2
    - pyro-ppl==1.6.0
    - torchdiffeq==0.2.1
